
Microsoft Visual Studio Solution File, Format Version 12.00
# Visual Studio Version 16
VisualStudioVersion = 16.0.31112.23
MinimumVisualStudioVersion = 10.0.40219.1
Project("{FAE04EC0-301F-11D3-BF4B-00C04F79EFBC}") = "Origam.Service.CoreTests", "Origam.Service.CoreTests\Origam.Service.CoreTests.csproj", "{D569CC05-5464-4FFF-9AF2-EA316F934431}"
EndProject
Project("{FAE04EC0-301F-11D3-BF4B-00C04F79EFBC}") = "Origam.Service.Core", "Origam.Service.Core\Origam.Service.Core.csproj", "{30749003-4AE5-4DE5-87CD-DACF879ABE15}"
EndProject
Global
	GlobalSection(SolutionConfigurationPlatforms) = preSolution
		Debug|Any CPU = Debug|Any CPU
		Release|Any CPU = Release|Any CPU
	EndGlobalSection
	GlobalSection(ProjectConfigurationPlatforms) = postSolution
		{D569CC05-5464-4FFF-9AF2-EA316F934431}.Debug|Any CPU.ActiveCfg = Debug|Any CPU
		{D569CC05-5464-4FFF-9AF2-EA316F934431}.Debug|Any CPU.Build.0 = Debug|Any CPU
		{D569CC05-5464-4FFF-9AF2-EA316F934431}.Release|Any CPU.ActiveCfg = Release|Any CPU
		{D569CC05-5464-4FFF-9AF2-EA316F934431}.Release|Any CPU.Build.0 = Release|Any CPU
		{30749003-4AE5-4DE5-87CD-DACF879ABE15}.Debug|Any CPU.ActiveCfg = Debug|Any CPU
		{30749003-4AE5-4DE5-87CD-DACF879ABE15}.Debug|Any CPU.Build.0 = Debug|Any CPU
		{30749003-4AE5-4DE5-87CD-DACF879ABE15}.Release|Any CPU.ActiveCfg = Release|Any CPU
		{30749003-4AE5-4DE5-87CD-DACF879ABE15}.Release|Any CPU.Build.0 = Release|Any CPU
	EndGlobalSection
	GlobalSection(SolutionProperties) = preSolution
		HideSolutionNode = FALSE
	EndGlobalSection
	GlobalSection(ExtensibilityGlobals) = postSolution
		SolutionGuid = {F7FCB4DD-6E29-45A3-AE53-968C048C1018}
	EndGlobalSection
EndGlobal
